
Microsoft Visual Studio Solution File, Format Version 11.00
# Visual Studio 2010
Project("{FAE04EC0-301F-11D3-BF4B-00C04F79EFBC}") = "SC2012_Assign_dev", "SC2012_Assign_dev\SC2012_Assign_dev.csproj", "{D932DB06-6625-4F43-970C-71F966BF6C8E}"
EndProject
Global
	GlobalSection(SolutionConfigurationPlatforms) = preSolution
		Debug|x86 = Debug|x86
		Release|x86 = Release|x86
	EndGlobalSection
	GlobalSection(ProjectConfigurationPlatforms) = postSolution
		{D932DB06-6625-4F43-970C-71F966BF6C8E}.Debug|x86.ActiveCfg = Debug|x86
		{D932DB06-6625-4F43-970C-71F966BF6C8E}.Debug|x86.Build.0 = Debug|x86
		{D932DB06-6625-4F43-970C-71F966BF6C8E}.Release|x86.ActiveCfg = Release|x86
		{D932DB06-6625-4F43-970C-71F966BF6C8E}.Release|x86.Build.0 = Release|x86
	EndGlobalSection
	GlobalSection(SolutionProperties) = preSolution
		HideSolutionNode = FALSE
	EndGlobalSection
EndGlobal
